
Microsoft Visual Studio Solution File, Format Version 12.00
# Visual Studio Version 17
VisualStudioVersion = 17.11.35208.52
MinimumVisualStudioVersion = 10.0.40219.1
Project("{FAE04EC0-301F-11D3-BF4B-00C04F79EFBC}") = "BYTE_AZUL", "BYTEAZUL\BYTE_AZUL.csproj", "{7B5B513D-64A1-4052-8AF5-902DC64537BD}"
EndProject
Global
	GlobalSection(SolutionConfigurationPlatforms) = preSolution
		Debug|Any CPU = Debug|Any CPU
		Release|Any CPU = Release|Any CPU
	EndGlobalSection
	GlobalSection(ProjectConfigurationPlatforms) = postSolution
		{7B5B513D-64A1-4052-8AF5-902DC64537BD}.Debug|Any CPU.ActiveCfg = Debug|Any CPU
		{7B5B513D-64A1-4052-8AF5-902DC64537BD}.Debug|Any CPU.Build.0 = Debug|Any CPU
		{7B5B513D-64A1-4052-8AF5-902DC64537BD}.Release|Any CPU.ActiveCfg = Release|Any CPU
		{7B5B513D-64A1-4052-8AF5-902DC64537BD}.Release|Any CPU.Build.0 = Release|Any CPU
	EndGlobalSection
	GlobalSection(SolutionProperties) = preSolution
		HideSolutionNode = FALSE
	EndGlobalSection
	GlobalSection(ExtensibilityGlobals) = postSolution
		SolutionGuid = {6ADF86A0-8B1B-451E-AC7A-6BC1D34E5F7B}
	EndGlobalSection
EndGlobal
